# This file is automatically @generated by Cargo.
# It is not intended for manual editing.
version = 3

[[package]]
name = "aho-corasick"
version = "0.7.20"
source = "registry+https://github.com/rust-lang/crates.io-index"
checksum = "cc936419f96fa211c1b9166887b38e5e40b19958e5b895be7c1f93adec7071ac"
dependencies = [
 "memchr",
]

[[package]]
name = "autocfg"
version = "1.1.0"
source = "registry+https://github.com/rust-lang/crates.io-index"
checksum = "d468802bab17cbc0cc575e9b053f41e72aa36bfa6b7f55e3529ffa43161b97fa"

[[package]]
name = "binary-info"
version = "0.0.1"
dependencies = [
 "goblin",
 "napi",
 "napi-build",
 "napi-derive",
 "serde",
]

[[package]]
name = "bitflags"
version = "1.3.2"
source = "registry+https://github.com/rust-lang/crates.io-index"
checksum = "bef38d45163c2f1dde094a7dfd33ccf595c92905c8f8f4fdc18d06fb1037718a"

[[package]]
name = "cfg-if"
version = "1.0.0"
source = "registry+https://github.com/rust-lang/crates.io-index"
checksum = "baf1de4339761588bc0619e3cbc0120ee582ebb74b53b4efbf79117bd2da40fd"

[[package]]
name = "convert_case"
version = "0.6.0"
source = "registry+https://github.com/rust-lang/crates.io-index"
checksum = "ec182b0ca2f35d8fc196cf3404988fd8b8c739a4d270ff118a398feb0cbec1ca"
dependencies = [
 "unicode-segmentation",
]

[[package]]
name = "ctor"
version = "0.1.26"
source = "registry+https://github.com/rust-lang/crates.io-index"
checksum = "6d2301688392eb071b0bf1a37be05c469d3cc4dbbd95df672fe28ab021e6a096"
dependencies = [
 "quote",
 "syn",
]

[[package]]
name = "goblin"
version = "0.4.3"
source = "registry+https://github.com/rust-lang/crates.io-index"
checksum = "32401e89c6446dcd28185931a01b1093726d0356820ac744023e6850689bf926"
dependencies = [
 "log",
 "plain",
 "scroll",
]

[[package]]
name = "hermit-abi"
version = "0.2.6"
source = "registry+https://github.com/rust-lang/crates.io-index"
checksum = "ee512640fe35acbfb4bb779db6f0d80704c2cacfa2e39b601ef3e3f47d1ae4c7"
dependencies = [
 "libc",
]

[[package]]
name = "itoa"
version = "1.0.5"
source = "registry+https://github.com/rust-lang/crates.io-index"
checksum = "fad582f4b9e86b6caa621cabeb0963332d92eea04729ab12892c2533951e6440"

[[package]]
name = "libc"
version = "0.2.139"
source = "registry+https://github.com/rust-lang/crates.io-index"
checksum = "201de327520df007757c1f0adce6e827fe8562fbc28bfd9c15571c66ca1f5f79"

[[package]]
name = "libloading"
version = "0.7.4"
source = "registry+https://github.com/rust-lang/crates.io-index"
checksum = "b67380fd3b2fbe7527a606e18729d21c6f3951633d0500574c4dc22d2d638b9f"
dependencies = [
 "cfg-if",
 "winapi",
]

[[package]]
name = "log"
version = "0.4.17"
source = "registry+https://github.com/rust-lang/crates.io-index"
checksum = "abb12e687cfb44aa40f41fc3978ef76448f9b6038cad6aef4259d3c095a2382e"
dependencies = [
 "cfg-if",
]

[[package]]
name = "memchr"
version = "2.5.0"
source = "registry+https://github.com/rust-lang/crates.io-index"
checksum = "2dffe52ecf27772e601905b7522cb4ef790d2cc203488bbd0e2fe85fcb74566d"

[[package]]
name = "napi"
version = "2.10.6"
source = "registry+https://github.com/rust-lang/crates.io-index"
checksum = "78a40be07b2dec780e248465221dc36ddd74875f7b8a82fc9bb67e45f49568d9"
dependencies = [
 "bitflags",
 "ctor",
 "napi-sys",
 "once_cell",
 "serde",
 "serde_json",
 "thread_local",
 "tokio",
]

[[package]]
name = "napi-build"
version = "1.2.1"
source = "registry+https://github.com/rust-lang/crates.io-index"
checksum = "ebd4419172727423cf30351406c54f6cc1b354a2cfb4f1dba3e6cd07f6d5522b"

[[package]]
name = "napi-derive"
version = "2.9.3"
source = "registry+https://github.com/rust-lang/crates.io-index"
checksum = "af4e44e34e70aa61be9036ae652e27c20db5bca80e006be0f482419f6601352a"
dependencies = [
 "convert_case",
 "napi-derive-backend",
 "proc-macro2",
 "quote",
 "syn",
]

[[package]]
name = "napi-derive-backend"
version = "1.0.40"
source = "registry+https://github.com/rust-lang/crates.io-index"
checksum = "17925fff04b6fa636f8e4b4608cc1a4f1360b64ac8ecbfdb7da1be1dc74f6843"
dependencies = [
 "convert_case",
 "once_cell",
 "proc-macro2",
 "quote",
 "regex",
 "syn",
]

[[package]]
name = "napi-sys"
version = "2.2.2"
source = "registry+https://github.com/rust-lang/crates.io-index"
checksum = "529671ebfae679f2ce9630b62dd53c72c56b3eb8b2c852e7e2fa91704ff93d67"
dependencies = [
 "libloading",
]

[[package]]
name = "num_cpus"
version = "1.15.0"
source = "registry+https://github.com/rust-lang/crates.io-index"
checksum = "0fac9e2da13b5eb447a6ce3d392f23a29d8694bff781bf03a16cd9ac8697593b"
dependencies = [
 "hermit-abi",
 "libc",
]

[[package]]
name = "once_cell"
version = "1.17.0"
source = "registry+https://github.com/rust-lang/crates.io-index"
checksum = "6f61fba1741ea2b3d6a1e3178721804bb716a68a6aeba1149b5d52e3d464ea66"

[[package]]
name = "pin-project-lite"
version = "0.2.9"
source = "registry+https://github.com/rust-lang/crates.io-index"
checksum = "e0a7ae3ac2f1173085d398531c705756c94a4c56843785df85a60c1a0afac116"

[[package]]
name = "plain"
version = "0.2.3"
source = "registry+https://github.com/rust-lang/crates.io-index"
checksum = "b4596b6d070b27117e987119b4dac604f3c58cfb0b191112e24771b2faeac1a6"

[[package]]
name = "proc-macro2"
version = "1.0.49"
source = "registry+https://github.com/rust-lang/crates.io-index"
checksum = "57a8eca9f9c4ffde41714334dee777596264c7825420f521abc92b5b5deb63a5"
dependencies = [
 "unicode-ident",
]

[[package]]
name = "quote"
version = "1.0.23"
source = "registry+https://github.com/rust-lang/crates.io-index"
checksum = "8856d8364d252a14d474036ea1358d63c9e6965c8e5c1885c18f73d70bff9c7b"
dependencies = [
 "proc-macro2",
]

[[package]]
name = "regex"
version = "1.7.1"
source = "registry+https://github.com/rust-lang/crates.io-index"
checksum = "48aaa5748ba571fb95cd2c85c09f629215d3a6ece942baa100950af03a34f733"
dependencies = [
 "aho-corasick",
 "memchr",
 "regex-syntax",
]

[[package]]
name = "regex-syntax"
version = "0.6.28"
source = "registry+https://github.com/rust-lang/crates.io-index"
checksum = "456c603be3e8d448b072f410900c09faf164fbce2d480456f50eea6e25f9c848"

[[package]]
name = "ryu"
version = "1.0.12"
source = "registry+https://github.com/rust-lang/crates.io-index"
checksum = "7b4b9743ed687d4b4bcedf9ff5eaa7398495ae14e61cba0a295704edbc7decde"

[[package]]
name = "scroll"
version = "0.10.2"
source = "registry+https://github.com/rust-lang/crates.io-index"
checksum = "fda28d4b4830b807a8b43f7b0e6b5df875311b3e7621d84577188c175b6ec1ec"
dependencies = [
 "scroll_derive",
]

[[package]]
name = "scroll_derive"
version = "0.10.5"
source = "registry+https://github.com/rust-lang/crates.io-index"
checksum = "aaaae8f38bb311444cfb7f1979af0bc9240d95795f75f9ceddf6a59b79ceffa0"
dependencies = [
 "proc-macro2",
 "quote",
 "syn",
]

[[package]]
name = "serde"
version = "1.0.152"
source = "registry+https://github.com/rust-lang/crates.io-index"
checksum = "bb7d1f0d3021d347a83e556fc4683dea2ea09d87bccdf88ff5c12545d89d5efb"
dependencies = [
 "serde_derive",
]

[[package]]
name = "serde_derive"
version = "1.0.152"
source = "registry+https://github.com/rust-lang/crates.io-index"
checksum = "af487d118eecd09402d70a5d72551860e788df87b464af30e5ea6a38c75c541e"
dependencies = [
 "proc-macro2",
 "quote",
 "syn",
]

[[package]]
name = "serde_json"
version = "1.0.91"
source = "registry+https://github.com/rust-lang/crates.io-index"
checksum = "877c235533714907a8c2464236f5c4b2a17262ef1bd71f38f35ea592c8da6883"
dependencies = [
 "itoa",
 "ryu",
 "serde",
]

[[package]]
name = "syn"
version = "1.0.107"
source = "registry+https://github.com/rust-lang/crates.io-index"
checksum = "1f4064b5b16e03ae50984a5a8ed5d4f8803e6bc1fd170a3cda91a1be4b18e3f5"
dependencies = [
 "proc-macro2",
 "quote",
 "unicode-ident",
]

[[package]]
name = "thread_local"
version = "1.1.4"
source = "registry+https://github.com/rust-lang/crates.io-index"
checksum = "5516c27b78311c50bf42c071425c560ac799b11c30b31f87e3081965fe5e0180"
dependencies = [
 "once_cell",
]

[[package]]
name = "tokio"
version = "1.24.1"
source = "registry+https://github.com/rust-lang/crates.io-index"
checksum = "1d9f76183f91ecfb55e1d7d5602bd1d979e38a3a522fe900241cf195624d67ae"
dependencies = [
 "autocfg",
 "num_cpus",
 "pin-project-lite",
 "windows-sys",
]

[[package]]
name = "unicode-ident"
version = "1.0.6"
source = "registry+https://github.com/rust-lang/crates.io-index"
checksum = "84a22b9f218b40614adcb3f4ff08b703773ad44fa9423e4e0d346d5db86e4ebc"

[[package]]
name = "unicode-segmentation"
version = "1.10.0"
source = "registry+https://github.com/rust-lang/crates.io-index"
checksum = "0fdbf052a0783de01e944a6ce7a8cb939e295b1e7be835a1112c3b9a7f047a5a"

[[package]]
name = "winapi"
version = "0.3.9"
source = "registry+https://github.com/rust-lang/crates.io-index"
checksum = "5c839a674fcd7a98952e593242ea400abe93992746761e38641405d28b00f419"
dependencies = [
 "winapi-i686-pc-windows-gnu",
 "winapi-x86_64-pc-windows-gnu",
]

[[package]]
name = "winapi-i686-pc-windows-gnu"
version = "0.4.0"
source = "registry+https://github.com/rust-lang/crates.io-index"
checksum = "ac3b87c63620426dd9b991e5ce0329eff545bccbbb34f3be09ff6fb6ab51b7b6"

[[package]]
name = "winapi-x86_64-pc-windows-gnu"
version = "0.4.0"
source = "registry+https://github.com/rust-lang/crates.io-index"
checksum = "712e227841d057c1ee1cd2fb22fa7e5a5461ae8e48fa2ca79ec42cfc1931183f"

[[package]]
name = "windows-sys"
version = "0.42.0"
source = "registry+https://github.com/rust-lang/crates.io-index"
checksum = "5a3e1820f08b8513f676f7ab6c1f99ff312fb97b553d30ff4dd86f9f15728aa7"
dependencies = [
 "windows_aarch64_gnullvm",
 "windows_aarch64_msvc",
 "windows_i686_gnu",
 "windows_i686_msvc",
 "windows_x86_64_gnu",
 "windows_x86_64_gnullvm",
 "windows_x86_64_msvc",
]

[[package]]
name = "windows_aarch64_gnullvm"
version = "0.42.1"
source = "registry+https://github.com/rust-lang/crates.io-index"
checksum = "8c9864e83243fdec7fc9c5444389dcbbfd258f745e7853198f365e3c4968a608"

[[package]]
name = "windows_aarch64_msvc"
version = "0.42.1"
source = "registry+https://github.com/rust-lang/crates.io-index"
checksum = "4c8b1b673ffc16c47a9ff48570a9d85e25d265735c503681332589af6253c6c7"

[[package]]
name = "windows_i686_gnu"
version = "0.42.1"
source = "registry+https://github.com/rust-lang/crates.io-index"
checksum = "de3887528ad530ba7bdbb1faa8275ec7a1155a45ffa57c37993960277145d640"

[[package]]
name = "windows_i686_msvc"
version = "0.42.1"
source = "registry+https://github.com/rust-lang/crates.io-index"
checksum = "bf4d1122317eddd6ff351aa852118a2418ad4214e6613a50e0191f7004372605"

[[package]]
name = "windows_x86_64_gnu"
version = "0.42.1"
source = "registry+https://github.com/rust-lang/crates.io-index"
checksum = "c1040f221285e17ebccbc2591ffdc2d44ee1f9186324dd3e84e99ac68d699c45"

[[package]]
name = "windows_x86_64_gnullvm"
version = "0.42.1"
source = "registry+https://github.com/rust-lang/crates.io-index"
checksum = "628bfdf232daa22b0d64fdb62b09fcc36bb01f05a3939e20ab73aaf9470d0463"

[[package]]
name = "windows_x86_64_msvc"
version = "0.42.1"
source = "registry+https://github.com/rust-lang/crates.io-index"
checksum = "447660ad36a13288b1db4d4248e857b510e8c3a225c822ba4fb748c0aafecffd"
