# THIS IS AN AUTOGENERATED FILE. DO NOT EDIT THIS FILE DIRECTLY.
# yarn lockfile v1


"@napi-rs/cli@^2.14.2":
  version "2.14.2"
  resolved "https://registry.yarnpkg.com/@napi-rs/cli/-/cli-2.14.2.tgz#02c7ba63b8169a8a570f8f875b542b943ce9e57b"
  integrity sha512-g2bGIhu+p/+wZJlNYGYbb2feQs7vF0dKIMJY8jOBdhU4r14TqxBPEr7P/xoFzHiJ7vCNdJ0rldcC+nOSnJwCTw==

prettier@^2.4.1:
  version "2.8.2"
  resolved "https://registry.yarnpkg.com/prettier/-/prettier-2.8.2.tgz#c4ea1b5b454d7c4b59966db2e06ed7eec5dfd160"
  integrity sha512-BtRV9BcncDyI2tsuS19zzhzoxD8Dh8LiCx7j7tHzrkz8GFXAexeWFdi22mjE1d16dftH2qNaytVxqiRTGlMfpw==
